{
  "version": "5",
  "specifiers": {
    "jsr:@core/iterutil@0.9": "0.9.0",
    "jsr:@core/unknownutil@4": "4.3.0",
    "jsr:@core/unknownutil@^4.3.0": "4.3.0",
    "jsr:@cosense/std@0.29": "0.29.14",
    "jsr:@cosense/types@0.10": "0.10.8",
    "jsr:@cosense/types@~0.10.1": "0.10.8",
    "jsr:@cosense/types@~0.10.7": "0.10.8",
    "jsr:@progfay/scrapbox-parser@10": "10.0.0",
    "jsr:@progfay/scrapbox-parser@9": "9.2.0",
    "jsr:@progfay/scrapbox-parser@^9.1.5": "9.2.0",
    "jsr:@std/assert@^1.0.13": "1.0.13",
    "jsr:@std/assert@^1.0.6": "1.0.13",
    "jsr:@std/async@^1.0.11": "1.0.13",
    "jsr:@std/async@^1.0.5": "1.0.13",
    "jsr:@std/bytes@^1.0.5": "1.0.5",
    "jsr:@std/collections@^1.0.8": "1.1.0",
    "jsr:@std/csv@^1.0.3": "1.0.6",
    "jsr:@std/data-structures@^1.0.8": "1.0.8",
    "jsr:@std/encoding@1": "1.0.10",
    "jsr:@std/fs@^1.0.17": "1.0.17",
    "jsr:@std/html@^1.0.3": "1.0.4",
    "jsr:@std/internal@^1.0.6": "1.0.7",
    "jsr:@std/internal@^1.0.7": "1.0.7",
    "jsr:@std/json@1": "1.0.2",
    "jsr:@std/path@^1.0.9": "1.0.9",
    "jsr:@std/random@0.1": "0.1.0",
    "jsr:@std/streams@^1.0.9": "1.0.9",
    "jsr:@std/testing@^1.0.3": "1.0.12",
    "jsr:@takker/md5@0.1": "0.1.0",
    "npm:option-t@51": "51.1.1",
    "npm:option-t@53": "53.0.0",
    "npm:preact@10": "10.26.6",
    "npm:preact@^10.26.6": "10.26.6",
    "npm:socket.io-client@^4.7.5": "4.8.1",
    "npm:ts-fsrs@5": "5.0.0"
  },
  "jsr": {
    "@core/iterutil@0.9.0": {
      "integrity": "29a4ba1af8e79c2d63d96df4948bb995afb5256568401711ae97a1ef06cc67a8"
    },
    "@core/unknownutil@4.3.0": {
      "integrity": "538a3687ffa81028e91d148818047df219663d0da671d906cecd165581ae55cc"
    },
    "@cosense/std@0.29.14": {
      "integrity": "2a603abf14e557376c94232e4a4ffce7d8322da398d5c8a8abe0975687021354",
      "dependencies": [
        "jsr:@core/iterutil",
        "jsr:@core/unknownutil@4",
        "jsr:@cosense/types@0.10",
        "jsr:@cosense/types@~0.10.7",
        "jsr:@progfay/scrapbox-parser@9",
        "jsr:@std/async@^1.0.11",
        "jsr:@std/encoding",
        "jsr:@std/json",
        "jsr:@takker/md5",
        "npm:option-t@51",
        "npm:socket.io-client"
      ]
    },
    "@cosense/types@0.10.8": {
      "integrity": "f946efbd89459ae7bd888d589151b0020e557aabc152710db645337769d54981"
    },
    "@progfay/scrapbox-parser@9.2.0": {
      "integrity": "82ebb95e72dd0ea44547fd48e2bcb479fd2275fc26c4515598f742e5aaf6e0e5"
    },
    "@progfay/scrapbox-parser@10.0.0": {
      "integrity": "d394fa9dde106efd5884b137aa2dfafed3605f9083b7e0de13473d41619c89fa"
    },
    "@std/assert@1.0.13": {
      "integrity": "ae0d31e41919b12c656c742b22522c32fb26ed0cba32975cb0de2a273cb68b29",
      "dependencies": [
        "jsr:@std/internal@^1.0.6"
      ]
    },
    "@std/async@1.0.13": {
      "integrity": "1d76ca5d324aef249908f7f7fe0d39aaf53198e5420604a59ab5c035adc97c96"
    },
    "@std/bytes@1.0.5": {
      "integrity": "4465dd739d7963d964c809202ebea6d5c6b8e3829ef25c6a224290fbb8a1021e"
    },
    "@std/collections@1.1.0": {
      "integrity": "2ee8761c84c3d203f7a4ecd376f9ca88a0c559817a4a54c9150f28c0b948027c"
    },
    "@std/csv@1.0.6": {
      "integrity": "52ef0e62799a0028d278fa04762f17f9bd263fad9a8e7f98c14fbd371d62d9fd",
      "dependencies": [
        "jsr:@std/streams"
      ]
    },
    "@std/data-structures@1.0.8": {
      "integrity": "2fb7219247e044c8fcd51341788547575653c82ae2c759ff209e0263ba7d9b66"
    },
    "@std/encoding@1.0.10": {
      "integrity": "8783c6384a2d13abd5e9e87a7ae0520a30e9f56aeeaa3bdf910a3eaaf5c811a1"
    },
    "@std/fs@1.0.17": {
      "integrity": "1c00c632677c1158988ef7a004cb16137f870aafdb8163b9dce86ec652f3952b",
      "dependencies": [
        "jsr:@std/path"
      ]
    },
    "@std/html@1.0.4": {
      "integrity": "eff3497c08164e6ada49b7f81a28b5108087033823153d065e3f89467dd3d50e"
    },
    "@std/internal@1.0.7": {
      "integrity": "39eeb5265190a7bc5d5591c9ff019490bd1f2c3907c044a11b0d545796158a0f"
    },
    "@std/json@1.0.2": {
      "integrity": "d9e5497801c15fb679f55a2c01c7794ad7a5dfda4dd1bebab5e409cb5e0d34d4",
      "dependencies": [
        "jsr:@std/streams"
      ]
    },
    "@std/path@1.0.9": {
      "integrity": "260a49f11edd3db93dd38350bf9cd1b4d1366afa98e81b86167b4e3dd750129e"
    },
    "@std/random@0.1.0": {
      "integrity": "70a006be0ffb77d036bab54aa8ae6bd0119ba77ace0f2f56f63273d4262a5667"
    },
    "@std/streams@1.0.9": {
      "integrity": "a9d26b1988cdd7aa7b1f4b51e1c36c1557f3f252880fa6cc5b9f37078b1a5035",
      "dependencies": [
        "jsr:@std/bytes"
      ]
    },
    "@std/testing@1.0.12": {
      "integrity": "fec973a45ccc62c540fb89296199051fee142409138fd6e3eae409366bcd4720",
      "dependencies": [
        "jsr:@std/assert@^1.0.13",
        "jsr:@std/data-structures",
        "jsr:@std/fs",
        "jsr:@std/internal@^1.0.7",
        "jsr:@std/path"
      ]
    },
    "@takker/md5@0.1.0": {
      "integrity": "4c423d8247aadf7bcb1eb83c727bf28c05c21906e916517395d00aa157b6eae0"
    }
  },
  "npm": {
    "@socket.io/component-emitter@3.1.2": {
      "integrity": "sha512-9BCxFwvbGg/RsZK9tjXd8s4UcwR0MWeFQ1XEKIQVVvAGJyINdrqKMcTRyLoK8Rse1GjzLV9cwjWV1olXRWEXVA=="
    },
    "debug@4.3.7": {
      "integrity": "sha512-Er2nc/H7RrMXZBFCEim6TCmMk02Z8vLC2Rbi1KEBggpo0fS6l0S1nnapwmIi3yW/+GOJap1Krg4w0Hg80oCqgQ==",
      "dependencies": [
        "ms"
      ]
    },
    "engine.io-client@6.6.3": {
      "integrity": "sha512-T0iLjnyNWahNyv/lcjS2y4oE358tVS/SYQNxYXGAJ9/GLgH4VCvOQ/mhTjqU88mLZCQgiG8RIegFHYCdVC+j5w==",
      "dependencies": [
        "@socket.io/component-emitter",
        "debug",
        "engine.io-parser",
        "ws",
        "xmlhttprequest-ssl"
      ]
    },
    "engine.io-parser@5.2.3": {
      "integrity": "sha512-HqD3yTBfnBxIrbnM1DoD6Pcq8NECnh8d4As1Qgh0z5Gg3jRRIqijury0CL3ghu/edArpUYiYqQiDUQBIs4np3Q=="
    },
    "ms@2.1.3": {
      "integrity": "sha512-6FlzubTLZG3J2a/NVCAleEhjzq5oxgHyaCU9yYXvcLsvoVaHJq/s5xXI6/XXP6tz7R9xAOtHnSO/tXtF3WRTlA=="
    },
    "option-t@51.1.1": {
      "integrity": "sha512-Ww13j9NVqnGpxsaSr1y0o35Xq1WcopAeJkAbk9DWlKRBgFKYLuJwEU1GzWUtkhBhRQY0st5kfdtT02JO6YqEEw=="
    },
    "option-t@53.0.0": {
      "integrity": "sha512-qsyo1cFXfUN1MVnxTrpcy+V4tJYEBvEQmeiDkC6m5W/V2JiNfs4V/qXmDGZg4k9XRR1EWkv3jT8TXSZnhGPBLA=="
    },
    "preact@10.26.6": {
      "integrity": "sha512-5SRRBinwpwkaD+OqlBDeITlRgvd8I8QlxHJw9AxSdMNV6O+LodN9nUyYGpSF7sadHjs6RzeFShMexC6DbtWr9g=="
    },
    "socket.io-client@4.8.1": {
      "integrity": "sha512-hJVXfu3E28NmzGk8o1sHhN3om52tRvwYeidbj7xKy2eIIse5IoKX3USlS6Tqt3BHAtflLIkCQBkzVrEEfWUyYQ==",
      "dependencies": [
        "@socket.io/component-emitter",
        "debug",
        "engine.io-client",
        "socket.io-parser"
      ]
    },
    "socket.io-parser@4.2.4": {
      "integrity": "sha512-/GbIKmo8ioc+NIWIhwdecY0ge+qVBSMdgxGygevmdHj24bsfgtCmcUUcQ5ZzcylGFHsN3k4HB4Cgkl96KVnuew==",
      "dependencies": [
        "@socket.io/component-emitter",
        "debug"
      ]
    },
    "ts-fsrs@5.0.0": {
      "integrity": "sha512-I2jsVdyM0m6EU4w64nRj7NWueiVPiFmexEF2xBVQ03yA4WQBWi+siJZj0eu6EhoxuS5MCw75ZJnfU8q2wm1LDQ=="
    },
    "ws@8.17.1": {
      "integrity": "sha512-6XQFvXTkbfUOZOKKILFG1PDK2NDQs4azKQl26T0YS5CxqWLgXajbPZ+h4gZekJyRqFU8pvnbAbbs/3TgRPy+GQ=="
    },
    "xmlhttprequest-ssl@2.1.2": {
      "integrity": "sha512-TEU+nJVUUnA4CYJFLvK5X9AOeH4KvDvhIfm0vV1GaQRtchnG0hgK5p8hw/xjv8cunWYCsiPCSDzObPyhEwq3KQ=="
    }
  },
  "workspace": {
    "dependencies": [
      "jsr:@core/iterutil@0.9",
      "jsr:@core/unknownutil@^4.3.0",
      "jsr:@cosense/std@0.29",
      "jsr:@cosense/types@~0.10.1",
      "jsr:@progfay/scrapbox-parser@10",
      "jsr:@std/assert@^1.0.6",
      "jsr:@std/async@^1.0.5",
      "jsr:@std/collections@^1.0.8",
      "jsr:@std/csv@^1.0.3",
      "jsr:@std/html@^1.0.3",
      "jsr:@std/random@0.1",
      "jsr:@std/testing@^1.0.3",
      "npm:option-t@53",
      "npm:preact@^10.26.6",
      "npm:ts-fsrs@5"
    ]
  }
}
