{
  "version": "4",
  "specifiers": {
    "npm:option-t@^49.2.0": "49.2.1",
    "npm:preact@^10.24.3": "10.24.3",
    "npm:ts-fsrs@^4.3.1": "4.4.1"
  },
  "npm": {
    "option-t@49.2.1": {
      "integrity": "sha512-ueUhVyOyiNJ7Bd0Qkv5HWaqfCX331ZoslSTYq7xhlu8pP+8YKcKzGHVGcDZOpjXlehyS0rPd9w8OXFRfL1d52Q=="
    },
    "preact@10.24.3": {
      "integrity": "sha512-Z2dPnBnMUfyQfSQ+GBdsGa16hz35YmLmtTLhM169uW944hYL6xzTYkJjC07j+Wosz733pMWx0fgON3JNw1jJQA=="
    },
    "ts-fsrs@4.4.1": {
      "integrity": "sha512-qAgypAmPh6X0dKpTWYbcPVsQB7IsEno++iWRWSdKeEt7C0hmwG3hU1eFKXurVd0FIDiMGgmnTR8FwMa0X0fIHQ=="
    }
  }
}
